// !$*UTF8*$!
{
	archiveVersion = 1;
	classes = {
	};
	objectVersion = 50;
	objects = {

/* Begin PBXBuildFile section */
		30A2AE3C4F8B287E8633A77D /* Pods_ContactsListAppTests.framework in Frameworks */ = {isa = PBXBuildFile; fileRef = FF6FD13F18D7F405752F6D9F /* Pods_ContactsListAppTests.framework */; };
		8B10B646219D97CC0036FCB9 /* AppDelegate.swift in Sources */ = {isa = PBXBuildFile; fileRef = 8B10B645219D97CC0036FCB9 /* AppDelegate.swift */; };
		8B10B648219D97CC0036FCB9 /* ContactsListViewController.swift in Sources */ = {isa = PBXBuildFile; fileRef = 8B10B647219D97CC0036FCB9 /* ContactsListViewController.swift */; };
		8B10B64B219D97CC0036FCB9 /* Main.storyboard in Resources */ = {isa = PBXBuildFile; fileRef = 8B10B649219D97CC0036FCB9 /* Main.storyboard */; };
		8B10B64E219D97CC0036FCB9 /* ContactsListApp.xcdatamodeld in Sources */ = {isa = PBXBuildFile; fileRef = 8B10B64C219D97CC0036FCB9 /* ContactsListApp.xcdatamodeld */; };
		8B10B650219D97D00036FCB9 /* Assets.xcassets in Resources */ = {isa = PBXBuildFile; fileRef = 8B10B64F219D97D00036FCB9 /* Assets.xcassets */; };
		8B10B653219D97D00036FCB9 /* LaunchScreen.storyboard in Resources */ = {isa = PBXBuildFile; fileRef = 8B10B651219D97D00036FCB9 /* LaunchScreen.storyboard */; };
		8B10B65E219D97D00036FCB9 /* ModelObjectsTests.swift in Sources */ = {isa = PBXBuildFile; fileRef = 8B10B65D219D97D00036FCB9 /* ModelObjectsTests.swift */; };
		8B10B66E219DA1610036FCB9 /* ContactsAPIConnector.swift in Sources */ = {isa = PBXBuildFile; fileRef = 8B10B66D219DA1610036FCB9 /* ContactsAPIConnector.swift */; };
		8B10B670219DA1760036FCB9 /* ContactsCoreDataConector.swift in Sources */ = {isa = PBXBuildFile; fileRef = 8B10B66F219DA1760036FCB9 /* ContactsCoreDataConector.swift */; };
		8B10B672219DA1880036FCB9 /* ContactsManager.swift in Sources */ = {isa = PBXBuildFile; fileRef = 8B10B671219DA1880036FCB9 /* ContactsManager.swift */; };
		8B10B674219DA1950036FCB9 /* ContactModel.swift in Sources */ = {isa = PBXBuildFile; fileRef = 8B10B673219DA1950036FCB9 /* ContactModel.swift */; };
		8B10B679219DA2880036FCB9 /* ContactsModuleProtocols.swift in Sources */ = {isa = PBXBuildFile; fileRef = 8B10B678219DA2880036FCB9 /* ContactsModuleProtocols.swift */; };
		8B10B67E219DB8670036FCB9 /* ContactsModuleRouter.swift in Sources */ = {isa = PBXBuildFile; fileRef = 8B10B67D219DB8670036FCB9 /* ContactsModuleRouter.swift */; };
		8B10B681219DC2880036FCB9 /* ContactTableViewCell.swift in Sources */ = {isa = PBXBuildFile; fileRef = 8B10B680219DC2880036FCB9 /* ContactTableViewCell.swift */; };
		8B10B683219F5BCB0036FCB9 /* Extensions.swift in Sources */ = {isa = PBXBuildFile; fileRef = 8B10B682219F5BCB0036FCB9 /* Extensions.swift */; };
		8BC7489621C290B600BA01CE /* ContactDetailFormViewController.swift in Sources */ = {isa = PBXBuildFile; fileRef = 8BC7489521C290B600BA01CE /* ContactDetailFormViewController.swift */; };
		8BC7489821C3E6DD00BA01CE /* ContactDetailHeaderView.xib in Resources */ = {isa = PBXBuildFile; fileRef = 8BC7489721C3E6DD00BA01CE /* ContactDetailHeaderView.xib */; };
		8BC7489A21C3E8AB00BA01CE /* ContactDetailHeaderView.swift in Sources */ = {isa = PBXBuildFile; fileRef = 8BC7489921C3E8AB00BA01CE /* ContactDetailHeaderView.swift */; };
		D8B481DB252061CAD647EF74 /* Pods_ContactsListApp.framework in Frameworks */ = {isa = PBXBuildFile; fileRef = B2AF7FD2F649EAE6D62D771C /* Pods_ContactsListApp.framework */; };
/* End PBXBuildFile section */

/* Begin PBXContainerItemProxy section */
		8B10B65A219D97D00036FCB9 /* PBXContainerItemProxy */ = {
			isa = PBXContainerItemProxy;
			containerPortal = 8B10B63A219D97CC0036FCB9 /* Project object */;
			proxyType = 1;
			remoteGlobalIDString = 8B10B641219D97CC0036FCB9;
			remoteInfo = ContactsListApp;
		};
/* End PBXContainerItemProxy section */

/* Begin PBXFileReference section */
		3F16D4100FAADA761EEAE67A /* Pods-ContactsListAppTests.debug.xcconfig */ = {isa = PBXFileReference; includeInIndex = 1; lastKnownFileType = text.xcconfig; name = "Pods-ContactsListAppTests.debug.xcconfig"; path = "Pods/Target Support Files/Pods-ContactsListAppTests/Pods-ContactsListAppTests.debug.xcconfig"; sourceTree = "<group>"; };
		50ED9D0065C414114102E5B9 /* Pods-ContactsListApp.release.xcconfig */ = {isa = PBXFileReference; includeInIndex = 1; lastKnownFileType = text.xcconfig; name = "Pods-ContactsListApp.release.xcconfig"; path = "Pods/Target Support Files/Pods-ContactsListApp/Pods-ContactsListApp.release.xcconfig"; sourceTree = "<group>"; };
		5841C305076CE9E345BB3EB5 /* Pods-ContactsListAppTests.release.xcconfig */ = {isa = PBXFileReference; includeInIndex = 1; lastKnownFileType = text.xcconfig; name = "Pods-ContactsListAppTests.release.xcconfig"; path = "Pods/Target Support Files/Pods-ContactsListAppTests/Pods-ContactsListAppTests.release.xcconfig"; sourceTree = "<group>"; };
		8B10B642219D97CC0036FCB9 /* ContactsListApp.app */ = {isa = PBXFileReference; explicitFileType = wrapper.application; includeInIndex = 0; path = ContactsListApp.app; sourceTree = BUILT_PRODUCTS_DIR; };
		8B10B645219D97CC0036FCB9 /* AppDelegate.swift */ = {isa = PBXFileReference; lastKnownFileType = sourcecode.swift; path = AppDelegate.swift; sourceTree = "<group>"; };
		8B10B647219D97CC0036FCB9 /* ContactsListViewController.swift */ = {isa = PBXFileReference; lastKnownFileType = sourcecode.swift; path = ContactsListViewController.swift; sourceTree = "<group>"; };
		8B10B64A219D97CC0036FCB9 /* Base */ = {isa = PBXFileReference; lastKnownFileType = file.storyboard; name = Base; path = Base.lproj/Main.storyboard; sourceTree = "<group>"; };
		8B10B64D219D97CC0036FCB9 /* ContactsListApp.xcdatamodel */ = {isa = PBXFileReference; lastKnownFileType = wrapper.xcdatamodel; path = ContactsListApp.xcdatamodel; sourceTree = "<group>"; };
		8B10B64F219D97D00036FCB9 /* Assets.xcassets */ = {isa = PBXFileReference; lastKnownFileType = folder.assetcatalog; path = Assets.xcassets; sourceTree = "<group>"; };
		8B10B652219D97D00036FCB9 /* Base */ = {isa = PBXFileReference; lastKnownFileType = file.storyboard; name = Base; path = Base.lproj/LaunchScreen.storyboard; sourceTree = "<group>"; };
		8B10B654219D97D00036FCB9 /* Info.plist */ = {isa = PBXFileReference; lastKnownFileType = text.plist.xml; path = Info.plist; sourceTree = "<group>"; };
		8B10B659219D97D00036FCB9 /* ContactsListAppTests.xctest */ = {isa = PBXFileReference; explicitFileType = wrapper.cfbundle; includeInIndex = 0; path = ContactsListAppTests.xctest; sourceTree = BUILT_PRODUCTS_DIR; };
		8B10B65D219D97D00036FCB9 /* ModelObjectsTests.swift */ = {isa = PBXFileReference; lastKnownFileType = sourcecode.swift; path = ModelObjectsTests.swift; sourceTree = "<group>"; };
		8B10B65F219D97D00036FCB9 /* Info.plist */ = {isa = PBXFileReference; lastKnownFileType = text.plist.xml; path = Info.plist; sourceTree = "<group>"; };
		8B10B66D219DA1610036FCB9 /* ContactsAPIConnector.swift */ = {isa = PBXFileReference; lastKnownFileType = sourcecode.swift; path = ContactsAPIConnector.swift; sourceTree = "<group>"; };
		8B10B66F219DA1760036FCB9 /* ContactsCoreDataConector.swift */ = {isa = PBXFileReference; lastKnownFileType = sourcecode.swift; path = ContactsCoreDataConector.swift; sourceTree = "<group>"; };
		8B10B671219DA1880036FCB9 /* ContactsManager.swift */ = {isa = PBXFileReference; lastKnownFileType = sourcecode.swift; path = ContactsManager.swift; sourceTree = "<group>"; };
		8B10B673219DA1950036FCB9 /* ContactModel.swift */ = {isa = PBXFileReference; lastKnownFileType = sourcecode.swift; path = ContactModel.swift; sourceTree = "<group>"; };
		8B10B678219DA2880036FCB9 /* ContactsModuleProtocols.swift */ = {isa = PBXFileReference; lastKnownFileType = sourcecode.swift; path = ContactsModuleProtocols.swift; sourceTree = "<group>"; };
		8B10B67D219DB8670036FCB9 /* ContactsModuleRouter.swift */ = {isa = PBXFileReference; lastKnownFileType = sourcecode.swift; path = ContactsModuleRouter.swift; sourceTree = "<group>"; };
		8B10B680219DC2880036FCB9 /* ContactTableViewCell.swift */ = {isa = PBXFileReference; lastKnownFileType = sourcecode.swift; path = ContactTableViewCell.swift; sourceTree = "<group>"; };
		8B10B682219F5BCB0036FCB9 /* Extensions.swift */ = {isa = PBXFileReference; lastKnownFileType = sourcecode.swift; path = Extensions.swift; sourceTree = "<group>"; };
		8BC7489521C290B600BA01CE /* ContactDetailFormViewController.swift */ = {isa = PBXFileReference; lastKnownFileType = sourcecode.swift; path = ContactDetailFormViewController.swift; sourceTree = "<group>"; };
		8BC7489721C3E6DD00BA01CE /* ContactDetailHeaderView.xib */ = {isa = PBXFileReference; lastKnownFileType = file.xib; path = ContactDetailHeaderView.xib; sourceTree = "<group>"; };
		8BC7489921C3E8AB00BA01CE /* ContactDetailHeaderView.swift */ = {isa = PBXFileReference; lastKnownFileType = sourcecode.swift; path = ContactDetailHeaderView.swift; sourceTree = "<group>"; };
		AE387AB7D8543FEBA449412A /* Pods-ContactsListApp.debug.xcconfig */ = {isa = PBXFileReference; includeInIndex = 1; lastKnownFileType = text.xcconfig; name = "Pods-ContactsListApp.debug.xcconfig"; path = "Pods/Target Support Files/Pods-ContactsListApp/Pods-ContactsListApp.debug.xcconfig"; sourceTree = "<group>"; };
		B2AF7FD2F649EAE6D62D771C /* Pods_ContactsListApp.framework */ = {isa = PBXFileReference; explicitFileType = wrapper.framework; includeInIndex = 0; path = Pods_ContactsListApp.framework; sourceTree = BUILT_PRODUCTS_DIR; };
		FF6FD13F18D7F405752F6D9F /* Pods_ContactsListAppTests.framework */ = {isa = PBXFileReference; explicitFileType = wrapper.framework; includeInIndex = 0; path = Pods_ContactsListAppTests.framework; sourceTree = BUILT_PRODUCTS_DIR; };
/* End PBXFileReference section */

/* Begin PBXFrameworksBuildPhase section */
		8B10B63F219D97CC0036FCB9 /* Frameworks */ = {
			isa = PBXFrameworksBuildPhase;
			buildActionMask = 2147483647;
			files = (
				D8B481DB252061CAD647EF74 /* Pods_ContactsListApp.framework in Frameworks */,
			);
			runOnlyForDeploymentPostprocessing = 0;
		};
		8B10B656219D97D00036FCB9 /* Frameworks */ = {
			isa = PBXFrameworksBuildPhase;
			buildActionMask = 2147483647;
			files = (
				30A2AE3C4F8B287E8633A77D /* Pods_ContactsListAppTests.framework in Frameworks */,
			);
			runOnlyForDeploymentPostprocessing = 0;
		};
/* End PBXFrameworksBuildPhase section */

/* Begin PBXGroup section */
		8B10B639219D97CC0036FCB9 = {
			isa = PBXGroup;
			children = (
				8B10B644219D97CC0036FCB9 /* ContactsListApp */,
				8B10B65C219D97D00036FCB9 /* ContactsListAppTests */,
				8B10B643219D97CC0036FCB9 /* Products */,
				B6BDE7FD83B047F88D78D342 /* Pods */,
				B8D75B07636C1AD60490CB27 /* Frameworks */,
			);
			sourceTree = "<group>";
		};
		8B10B643219D97CC0036FCB9 /* Products */ = {
			isa = PBXGroup;
			children = (
				8B10B642219D97CC0036FCB9 /* ContactsListApp.app */,
				8B10B659219D97D00036FCB9 /* ContactsListAppTests.xctest */,
			);
			name = Products;
			sourceTree = "<group>";
		};
		8B10B644219D97CC0036FCB9 /* ContactsListApp */ = {
			isa = PBXGroup;
			children = (
				8B10B668219D9F2C0036FCB9 /* ContactsListModule */,
				8B10B645219D97CC0036FCB9 /* AppDelegate.swift */,
				8B10B649219D97CC0036FCB9 /* Main.storyboard */,
				8B10B64F219D97D00036FCB9 /* Assets.xcassets */,
				8B10B651219D97D00036FCB9 /* LaunchScreen.storyboard */,
				8B10B654219D97D00036FCB9 /* Info.plist */,
				8B10B64C219D97CC0036FCB9 /* ContactsListApp.xcdatamodeld */,
			);
			path = ContactsListApp;
			sourceTree = "<group>";
		};
		8B10B65C219D97D00036FCB9 /* ContactsListAppTests */ = {
			isa = PBXGroup;
			children = (
				8B10B65D219D97D00036FCB9 /* ModelObjectsTests.swift */,
				8B10B65F219D97D00036FCB9 /* Info.plist */,
			);
			path = ContactsListAppTests;
			sourceTree = "<group>";
		};
		8B10B668219D9F2C0036FCB9 /* ContactsListModule */ = {
			isa = PBXGroup;
			children = (
				8B10B684219F648F0036FCB9 /* Extensions */,
				8B10B67C219DB84E0036FCB9 /* ContactsModuleRouter */,
				8B10B677219DA2730036FCB9 /* Protocols */,
				8B10B66C219DA11A0036FCB9 /* DataConnectors */,
				8B10B66B219DA0F50036FCB9 /* Manager */,
				8B10B66A219DA0E40036FCB9 /* Models */,
				8B10B669219DA0C60036FCB9 /* ViewControllers */,
			);
			path = ContactsListModule;
			sourceTree = "<group>";
		};
		8B10B669219DA0C60036FCB9 /* ViewControllers */ = {
			isa = PBXGroup;
			children = (
				8B10B67F219DC2650036FCB9 /* Views */,
				8B10B647219D97CC0036FCB9 /* ContactsListViewController.swift */,
				8BC7489521C290B600BA01CE /* ContactDetailFormViewController.swift */,
			);
			path = ViewControllers;
			sourceTree = "<group>";
		};
		8B10B66A219DA0E40036FCB9 /* Models */ = {
			isa = PBXGroup;
			children = (
				8B10B673219DA1950036FCB9 /* ContactModel.swift */,
			);
			path = Models;
			sourceTree = "<group>";
		};
		8B10B66B219DA0F50036FCB9 /* Manager */ = {
			isa = PBXGroup;
			children = (
				8B10B671219DA1880036FCB9 /* ContactsManager.swift */,
			);
			path = Manager;
			sourceTree = "<group>";
		};
		8B10B66C219DA11A0036FCB9 /* DataConnectors */ = {
			isa = PBXGroup;
			children = (
				8B10B66D219DA1610036FCB9 /* ContactsAPIConnector.swift */,
				8B10B66F219DA1760036FCB9 /* ContactsCoreDataConector.swift */,
			);
			path = DataConnectors;
			sourceTree = "<group>";
		};
		8B10B677219DA2730036FCB9 /* Protocols */ = {
			isa = PBXGroup;
			children = (
				8B10B678219DA2880036FCB9 /* ContactsModuleProtocols.swift */,
			);
			path = Protocols;
			sourceTree = "<group>";
		};
		8B10B67C219DB84E0036FCB9 /* ContactsModuleRouter */ = {
			isa = PBXGroup;
			children = (
				8B10B67D219DB8670036FCB9 /* ContactsModuleRouter.swift */,
			);
			path = ContactsModuleRouter;
			sourceTree = "<group>";
		};
		8B10B67F219DC2650036FCB9 /* Views */ = {
			isa = PBXGroup;
			children = (
				8B10B680219DC2880036FCB9 /* ContactTableViewCell.swift */,
				8BC7489721C3E6DD00BA01CE /* ContactDetailHeaderView.xib */,
				8BC7489921C3E8AB00BA01CE /* ContactDetailHeaderView.swift */,
			);
			path = Views;
			sourceTree = "<group>";
		};
		8B10B684219F648F0036FCB9 /* Extensions */ = {
			isa = PBXGroup;
			children = (
				8B10B682219F5BCB0036FCB9 /* Extensions.swift */,
			);
			path = Extensions;
			sourceTree = "<group>";
		};
		B6BDE7FD83B047F88D78D342 /* Pods */ = {
			isa = PBXGroup;
			children = (
				AE387AB7D8543FEBA449412A /* Pods-ContactsListApp.debug.xcconfig */,
				50ED9D0065C414114102E5B9 /* Pods-ContactsListApp.release.xcconfig */,
				3F16D4100FAADA761EEAE67A /* Pods-ContactsListAppTests.debug.xcconfig */,
				5841C305076CE9E345BB3EB5 /* Pods-ContactsListAppTests.release.xcconfig */,
			);
			name = Pods;
			sourceTree = "<group>";
		};
		B8D75B07636C1AD60490CB27 /* Frameworks */ = {
			isa = PBXGroup;
			children = (
				B2AF7FD2F649EAE6D62D771C /* Pods_ContactsListApp.framework */,
				FF6FD13F18D7F405752F6D9F /* Pods_ContactsListAppTests.framework */,
			);
			name = Frameworks;
			sourceTree = "<group>";
		};
/* End PBXGroup section */

/* Begin PBXNativeTarget section */
		8B10B641219D97CC0036FCB9 /* ContactsListApp */ = {
			isa = PBXNativeTarget;
			buildConfigurationList = 8B10B662219D97D00036FCB9 /* Build configuration list for PBXNativeTarget "ContactsListApp" */;
			buildPhases = (
				F3B0C773DB17F12741856A4A /* [CP] Check Pods Manifest.lock */,
				8B10B63E219D97CC0036FCB9 /* Sources */,
				8B10B63F219D97CC0036FCB9 /* Frameworks */,
				8B10B640219D97CC0036FCB9 /* Resources */,
				6E0747305396E4D4E25B81B9 /* [CP] Embed Pods Frameworks */,
			);
			buildRules = (
			);
			dependencies = (
			);
			name = ContactsListApp;
			productName = ContactsListApp;
			productReference = 8B10B642219D97CC0036FCB9 /* ContactsListApp.app */;
			productType = "com.apple.product-type.application";
		};
		8B10B658219D97D00036FCB9 /* ContactsListAppTests */ = {
			isa = PBXNativeTarget;
			buildConfigurationList = 8B10B665219D97D00036FCB9 /* Build configuration list for PBXNativeTarget "ContactsListAppTests" */;
			buildPhases = (
				5A54BC6E88877129DD6067DC /* [CP] Check Pods Manifest.lock */,
				8B10B655219D97D00036FCB9 /* Sources */,
				8B10B656219D97D00036FCB9 /* Frameworks */,
				8B10B657219D97D00036FCB9 /* Resources */,
			);
			buildRules = (
			);
			dependencies = (
				8B10B65B219D97D00036FCB9 /* PBXTargetDependency */,
			);
			name = ContactsListAppTests;
			productName = ContactsListAppTests;
			productReference = 8B10B659219D97D00036FCB9 /* ContactsListAppTests.xctest */;
			productType = "com.apple.product-type.bundle.unit-test";
		};
/* End PBXNativeTarget section */

/* Begin PBXProject section */
		8B10B63A219D97CC0036FCB9 /* Project object */ = {
			isa = PBXProject;
			attributes = {
				LastSwiftUpdateCheck = 1010;
				LastUpgradeCheck = 1010;
				ORGANIZATIONNAME = "Damian Modernell";
				TargetAttributes = {
					8B10B641219D97CC0036FCB9 = {
						CreatedOnToolsVersion = 10.1;
						LastSwiftMigration = 1020;
					};
					8B10B658219D97D00036FCB9 = {
						CreatedOnToolsVersion = 10.1;
						LastSwiftMigration = 1020;
						TestTargetID = 8B10B641219D97CC0036FCB9;
					};
				};
			};
			buildConfigurationList = 8B10B63D219D97CC0036FCB9 /* Build configuration list for PBXProject "ContactsListApp" */;
			compatibilityVersion = "Xcode 9.3";
			developmentRegion = en;
			hasScannedForEncodings = 0;
			knownRegions = (
				en,
				Base,
			);
			mainGroup = 8B10B639219D97CC0036FCB9;
			productRefGroup = 8B10B643219D97CC0036FCB9 /* Products */;
			projectDirPath = "";
			projectRoot = "";
			targets = (
				8B10B641219D97CC0036FCB9 /* ContactsListApp */,
				8B10B658219D97D00036FCB9 /* ContactsListAppTests */,
			);
		};
/* End PBXProject section */

/* Begin PBXResourcesBuildPhase section */
		8B10B640219D97CC0036FCB9 /* Resources */ = {
			isa = PBXResourcesBuildPhase;
			buildActionMask = 2147483647;
			files = (
				8B10B653219D97D00036FCB9 /* LaunchScreen.storyboard in Resources */,
				8B10B650219D97D00036FCB9 /* Assets.xcassets in Resources */,
				8B10B64B219D97CC0036FCB9 /* Main.storyboard in Resources */,
				8BC7489821C3E6DD00BA01CE /* ContactDetailHeaderView.xib in Resources */,
			);
			runOnlyForDeploymentPostprocessing = 0;
		};
		8B10B657219D97D00036FCB9 /* Resources */ = {
			isa = PBXResourcesBuildPhase;
			buildActionMask = 2147483647;
			files = (
			);
			runOnlyForDeploymentPostprocessing = 0;
		};
/* End PBXResourcesBuildPhase section */

/* Begin PBXShellScriptBuildPhase section */
		5A54BC6E88877129DD6067DC /* [CP] Check Pods Manifest.lock */ = {
			isa = PBXShellScriptBuildPhase;
			buildActionMask = 2147483647;
			files = (
			);
			inputFileListPaths = (
			);
			inputPaths = (
				"${PODS_PODFILE_DIR_PATH}/Podfile.lock",
				"${PODS_ROOT}/Manifest.lock",
			);
			name = "[CP] Check Pods Manifest.lock";
			outputFileListPaths = (
			);
			outputPaths = (
				"$(DERIVED_FILE_DIR)/Pods-ContactsListAppTests-checkManifestLockResult.txt",
			);
			runOnlyForDeploymentPostprocessing = 0;
			shellPath = /bin/sh;
			shellScript = "diff \"${PODS_PODFILE_DIR_PATH}/Podfile.lock\" \"${PODS_ROOT}/Manifest.lock\" > /dev/null\nif [ $? != 0 ] ; then\n    # print error to STDERR\n    echo \"error: The sandbox is not in sync with the Podfile.lock. Run 'pod install' or update your CocoaPods installation.\" >&2\n    exit 1\nfi\n# This output is used by Xcode 'outputs' to avoid re-running this script phase.\necho \"SUCCESS\" > \"${SCRIPT_OUTPUT_FILE_0}\"\n";
			showEnvVarsInLog = 0;
		};
		6E0747305396E4D4E25B81B9 /* [CP] Embed Pods Frameworks */ = {
			isa = PBXShellScriptBuildPhase;
			buildActionMask = 2147483647;
			files = (
			);
			inputFileListPaths = (
				"${PODS_ROOT}/Target Support Files/Pods-ContactsListApp/Pods-ContactsListApp-frameworks-${CONFIGURATION}-input-files.xcfilelist",
			);
			name = "[CP] Embed Pods Frameworks";
			outputFileListPaths = (
				"${PODS_ROOT}/Target Support Files/Pods-ContactsListApp/Pods-ContactsListApp-frameworks-${CONFIGURATION}-output-files.xcfilelist",
			);
			runOnlyForDeploymentPostprocessing = 0;
			shellPath = /bin/sh;
			shellScript = "\"${PODS_ROOT}/Target Support Files/Pods-ContactsListApp/Pods-ContactsListApp-frameworks.sh\"\n";
			showEnvVarsInLog = 0;
		};
		F3B0C773DB17F12741856A4A /* [CP] Check Pods Manifest.lock */ = {
			isa = PBXShellScriptBuildPhase;
			buildActionMask = 2147483647;
			files = (
			);
			inputFileListPaths = (
			);
			inputPaths = (
				"${PODS_PODFILE_DIR_PATH}/Podfile.lock",
				"${PODS_ROOT}/Manifest.lock",
			);
			name = "[CP] Check Pods Manifest.lock";
			outputFileListPaths = (
			);
			outputPaths = (
				"$(DERIVED_FILE_DIR)/Pods-ContactsListApp-checkManifestLockResult.txt",
			);
			runOnlyForDeploymentPostprocessing = 0;
			shellPath = /bin/sh;
			shellScript = "diff \"${PODS_PODFILE_DIR_PATH}/Podfile.lock\" \"${PODS_ROOT}/Manifest.lock\" > /dev/null\nif [ $? != 0 ] ; then\n    # print error to STDERR\n    echo \"error: The sandbox is not in sync with the Podfile.lock. Run 'pod install' or update your CocoaPods installation.\" >&2\n    exit 1\nfi\n# This output is used by Xcode 'outputs' to avoid re-running this script phase.\necho \"SUCCESS\" > \"${SCRIPT_OUTPUT_FILE_0}\"\n";
			showEnvVarsInLog = 0;
		};
/* End PBXShellScriptBuildPhase section */

/* Begin PBXSourcesBuildPhase section */
		8B10B63E219D97CC0036FCB9 /* Sources */ = {
			isa = PBXSourcesBuildPhase;
			buildActionMask = 2147483647;
			files = (
				8B10B681219DC2880036FCB9 /* ContactTableViewCell.swift in Sources */,
				8B10B670219DA1760036FCB9 /* ContactsCoreDataConector.swift in Sources */,
				8B10B672219DA1880036FCB9 /* ContactsManager.swift in Sources */,
				8BC7489A21C3E8AB00BA01CE /* ContactDetailHeaderView.swift in Sources */,
				8B10B679219DA2880036FCB9 /* ContactsModuleProtocols.swift in Sources */,
				8B10B67E219DB8670036FCB9 /* ContactsModuleRouter.swift in Sources */,
				8B10B64E219D97CC0036FCB9 /* ContactsListApp.xcdatamodeld in Sources */,
				8B10B66E219DA1610036FCB9 /* ContactsAPIConnector.swift in Sources */,
				8B10B674219DA1950036FCB9 /* ContactModel.swift in Sources */,
				8B10B648219D97CC0036FCB9 /* ContactsListViewController.swift in Sources */,
				8B10B683219F5BCB0036FCB9 /* Extensions.swift in Sources */,
				8B10B646219D97CC0036FCB9 /* AppDelegate.swift in Sources */,
				8BC7489621C290B600BA01CE /* ContactDetailFormViewController.swift in Sources */,
			);
			runOnlyForDeploymentPostprocessing = 0;
		};
		8B10B655219D97D00036FCB9 /* Sources */ = {
			isa = PBXSourcesBuildPhase;
			buildActionMask = 2147483647;
			files = (
				8B10B65E219D97D00036FCB9 /* ModelObjectsTests.swift in Sources */,
			);
			runOnlyForDeploymentPostprocessing = 0;
		};
/* End PBXSourcesBuildPhase section */

/* Begin PBXTargetDependency section */
		8B10B65B219D97D00036FCB9 /* PBXTargetDependency */ = {
			isa = PBXTargetDependency;
			target = 8B10B641219D97CC0036FCB9 /* ContactsListApp */;
			targetProxy = 8B10B65A219D97D00036FCB9 /* PBXContainerItemProxy */;
		};
/* End PBXTargetDependency section */

/* Begin PBXVariantGroup section */
		8B10B649219D97CC0036FCB9 /* Main.storyboard */ = {
			isa = PBXVariantGroup;
			children = (
				8B10B64A219D97CC0036FCB9 /* Base */,
			);
			name = Main.storyboard;
			sourceTree = "<group>";
		};
		8B10B651219D97D00036FCB9 /* LaunchScreen.storyboard */ = {
			isa = PBXVariantGroup;
			children = (
				8B10B652219D97D00036FCB9 /* Base */,
			);
			name = LaunchScreen.storyboard;
			sourceTree = "<group>";
		};
/* End PBXVariantGroup section */

/* Begin XCBuildConfiguration section */
		8B10B660219D97D00036FCB9 /* Debug */ = {
			isa = XCBuildConfiguration;
			buildSettings = {
				ALWAYS_SEARCH_USER_PATHS = NO;
				CLANG_ANALYZER_NONNULL = YES;
				CLANG_ANALYZER_NUMBER_OBJECT_CONVERSION = YES_AGGRESSIVE;
				CLANG_CXX_LANGUAGE_STANDARD = "gnu++14";
				CLANG_CXX_LIBRARY = "libc++";
				CLANG_ENABLE_MODULES = YES;
				CLANG_ENABLE_OBJC_ARC = YES;
				CLANG_ENABLE_OBJC_WEAK = YES;
				CLANG_WARN_BLOCK_CAPTURE_AUTORELEASING = YES;
				CLANG_WARN_BOOL_CONVERSION = YES;
				CLANG_WARN_COMMA = YES;
				CLANG_WARN_CONSTANT_CONVERSION = YES;
				CLANG_WARN_DEPRECATED_OBJC_IMPLEMENTATIONS = YES;
				CLANG_WARN_DIRECT_OBJC_ISA_USAGE = YES_ERROR;
				CLANG_WARN_DOCUMENTATION_COMMENTS = YES;
				CLANG_WARN_EMPTY_BODY = YES;
				CLANG_WARN_ENUM_CONVERSION = YES;
				CLANG_WARN_INFINITE_RECURSION = YES;
				CLANG_WARN_INT_CONVERSION = YES;
				CLANG_WARN_NON_LITERAL_NULL_CONVERSION = YES;
				CLANG_WARN_OBJC_IMPLICIT_RETAIN_SELF = YES;
				CLANG_WARN_OBJC_LITERAL_CONVERSION = YES;
				CLANG_WARN_OBJC_ROOT_CLASS = YES_ERROR;
				CLANG_WARN_RANGE_LOOP_ANALYSIS = YES;
				CLANG_WARN_STRICT_PROTOTYPES = YES;
				CLANG_WARN_SUSPICIOUS_MOVE = YES;
				CLANG_WARN_UNGUARDED_AVAILABILITY = YES_AGGRESSIVE;
				CLANG_WARN_UNREACHABLE_CODE = YES;
				CLANG_WARN__DUPLICATE_METHOD_MATCH = YES;
				CODE_SIGN_IDENTITY = "iPhone Developer";
				COPY_PHASE_STRIP = NO;
				DEBUG_INFORMATION_FORMAT = dwarf;
				ENABLE_STRICT_OBJC_MSGSEND = YES;
				ENABLE_TESTABILITY = YES;
				GCC_C_LANGUAGE_STANDARD = gnu11;
				GCC_DYNAMIC_NO_PIC = NO;
				GCC_NO_COMMON_BLOCKS = YES;
				GCC_OPTIMIZATION_LEVEL = 0;
				GCC_PREPROCESSOR_DEFINITIONS = (
					"DEBUG=1",
					"$(inherited)",
				);
				GCC_WARN_64_TO_32_BIT_CONVERSION = YES;
				GCC_WARN_ABOUT_RETURN_TYPE = YES_ERROR;
				GCC_WARN_UNDECLARED_SELECTOR = YES;
				GCC_WARN_UNINITIALIZED_AUTOS = YES_AGGRESSIVE;
				GCC_WARN_UNUSED_FUNCTION = YES;
				GCC_WARN_UNUSED_VARIABLE = YES;
				IPHONEOS_DEPLOYMENT_TARGET = 12.1;
				MTL_ENABLE_DEBUG_INFO = INCLUDE_SOURCE;
				MTL_FAST_MATH = YES;
				ONLY_ACTIVE_ARCH = YES;
				SDKROOT = iphoneos;
				SWIFT_ACTIVE_COMPILATION_CONDITIONS = DEBUG;
				SWIFT_OPTIMIZATION_LEVEL = "-Onone";
			};
			name = Debug;
		};
		8B10B661219D97D00036FCB9 /* Release */ = {
			isa = XCBuildConfiguration;
			buildSettings = {
				ALWAYS_SEARCH_USER_PATHS = NO;
				CLANG_ANALYZER_NONNULL = YES;
				CLANG_ANALYZER_NUMBER_OBJECT_CONVERSION = YES_AGGRESSIVE;
				CLANG_CXX_LANGUAGE_STANDARD = "gnu++14";
				CLANG_CXX_LIBRARY = "libc++";
				CLANG_ENABLE_MODULES = YES;
				CLANG_ENABLE_OBJC_ARC = YES;
				CLANG_ENABLE_OBJC_WEAK = YES;
				CLANG_WARN_BLOCK_CAPTURE_AUTORELEASING = YES;
				CLANG_WARN_BOOL_CONVERSION = YES;
				CLANG_WARN_COMMA = YES;
				CLANG_WARN_CONSTANT_CONVERSION = YES;
				CLANG_WARN_DEPRECATED_OBJC_IMPLEMENTATIONS = YES;
				CLANG_WARN_DIRECT_OBJC_ISA_USAGE = YES_ERROR;
				CLANG_WARN_DOCUMENTATION_COMMENTS = YES;
				CLANG_WARN_EMPTY_BODY = YES;
				CLANG_WARN_ENUM_CONVERSION = YES;
				CLANG_WARN_INFINITE_RECURSION = YES;
				CLANG_WARN_INT_CONVERSION = YES;
				CLANG_WARN_NON_LITERAL_NULL_CONVERSION = YES;
				CLANG_WARN_OBJC_IMPLICIT_RETAIN_SELF = YES;
				CLANG_WARN_OBJC_LITERAL_CONVERSION = YES;
				CLANG_WARN_OBJC_ROOT_CLASS = YES_ERROR;
				CLANG_WARN_RANGE_LOOP_ANALYSIS = YES;
				CLANG_WARN_STRICT_PROTOTYPES = YES;
				CLANG_WARN_SUSPICIOUS_MOVE = YES;
				CLANG_WARN_UNGUARDED_AVAILABILITY = YES_AGGRESSIVE;
				CLANG_WARN_UNREACHABLE_CODE = YES;
				CLANG_WARN__DUPLICATE_METHOD_MATCH = YES;
				CODE_SIGN_IDENTITY = "iPhone Developer";
				COPY_PHASE_STRIP = NO;
				DEBUG_INFORMATION_FORMAT = "dwarf-with-dsym";
				ENABLE_NS_ASSERTIONS = NO;
				ENABLE_STRICT_OBJC_MSGSEND = YES;
				GCC_C_LANGUAGE_STANDARD = gnu11;
				GCC_NO_COMMON_BLOCKS = YES;
				GCC_WARN_64_TO_32_BIT_CONVERSION = YES;
				GCC_WARN_ABOUT_RETURN_TYPE = YES_ERROR;
				GCC_WARN_UNDECLARED_SELECTOR = YES;
				GCC_WARN_UNINITIALIZED_AUTOS = YES_AGGRESSIVE;
				GCC_WARN_UNUSED_FUNCTION = YES;
				GCC_WARN_UNUSED_VARIABLE = YES;
				IPHONEOS_DEPLOYMENT_TARGET = 12.1;
				MTL_ENABLE_DEBUG_INFO = NO;
				MTL_FAST_MATH = YES;
				SDKROOT = iphoneos;
				SWIFT_COMPILATION_MODE = wholemodule;
				SWIFT_OPTIMIZATION_LEVEL = "-O";
				VALIDATE_PRODUCT = YES;
			};
			name = Release;
		};
		8B10B663219D97D00036FCB9 /* Debug */ = {
			isa = XCBuildConfiguration;
			baseConfigurationReference = AE387AB7D8543FEBA449412A /* Pods-ContactsListApp.debug.xcconfig */;
			buildSettings = {
				ASSETCATALOG_COMPILER_APPICON_NAME = AppIcon;
				CODE_SIGN_STYLE = Automatic;
				INFOPLIST_FILE = ContactsListApp/Info.plist;
				LD_RUNPATH_SEARCH_PATHS = (
					"$(inherited)",
					"@executable_path/Frameworks",
				);
				PRODUCT_BUNDLE_IDENTIFIER = DM.ContactsListApp;
				PRODUCT_NAME = "$(TARGET_NAME)";
				SWIFT_VERSION = 5.0;
				TARGETED_DEVICE_FAMILY = "1,2";
			};
			name = Debug;
		};
		8B10B664219D97D00036FCB9 /* Release */ = {
			isa = XCBuildConfiguration;
			baseConfigurationReference = 50ED9D0065C414114102E5B9 /* Pods-ContactsListApp.release.xcconfig */;
			buildSettings = {
				ASSETCATALOG_COMPILER_APPICON_NAME = AppIcon;
				CODE_SIGN_STYLE = Automatic;
				INFOPLIST_FILE = ContactsListApp/Info.plist;
				LD_RUNPATH_SEARCH_PATHS = (
					"$(inherited)",
					"@executable_path/Frameworks",
				);
				PRODUCT_BUNDLE_IDENTIFIER = DM.ContactsListApp;
				PRODUCT_NAME = "$(TARGET_NAME)";
				SWIFT_VERSION = 5.0;
				TARGETED_DEVICE_FAMILY = "1,2";
			};
			name = Release;
		};
		8B10B666219D97D00036FCB9 /* Debug */ = {
			isa = XCBuildConfiguration;
			baseConfigurationReference = 3F16D4100FAADA761EEAE67A /* Pods-ContactsListAppTests.debug.xcconfig */;
			buildSettings = {
				ALWAYS_EMBED_SWIFT_STANDARD_LIBRARIES = YES;
				BUNDLE_LOADER = "$(TEST_HOST)";
				CODE_SIGN_STYLE = Automatic;
				INFOPLIST_FILE = ContactsListAppTests/Info.plist;
				LD_RUNPATH_SEARCH_PATHS = (
					"$(inherited)",
					"@executable_path/Frameworks",
					"@loader_path/Frameworks",
				);
				PRODUCT_BUNDLE_IDENTIFIER = DM.ContactsListAppTests;
				PRODUCT_NAME = "$(TARGET_NAME)";
				SWIFT_VERSION = 5.0;
				TARGETED_DEVICE_FAMILY = "1,2";
				TEST_HOST = "$(BUILT_PRODUCTS_DIR)/ContactsListApp.app/ContactsListApp";
			};
			name = Debug;
		};
		8B10B667219D97D00036FCB9 /* Release */ = {
			isa = XCBuildConfiguration;
			baseConfigurationReference = 5841C305076CE9E345BB3EB5 /* Pods-ContactsListAppTests.release.xcconfig */;
			buildSettings = {
				ALWAYS_EMBED_SWIFT_STANDARD_LIBRARIES = YES;
				BUNDLE_LOADER = "$(TEST_HOST)";
				CODE_SIGN_STYLE = Automatic;
				INFOPLIST_FILE = ContactsListAppTests/Info.plist;
				LD_RUNPATH_SEARCH_PATHS = (
					"$(inherited)",
					"@executable_path/Frameworks",
					"@loader_path/Frameworks",
				);
				PRODUCT_BUNDLE_IDENTIFIER = DM.ContactsListAppTests;
				PRODUCT_NAME = "$(TARGET_NAME)";
				SWIFT_VERSION = 5.0;
				TARGETED_DEVICE_FAMILY = "1,2";
				TEST_HOST = "$(BUILT_PRODUCTS_DIR)/ContactsListApp.app/ContactsListApp";
			};
			name = Release;
		};
/* End XCBuildConfiguration section */

/* Begin XCConfigurationList section */
		8B10B63D219D97CC0036FCB9 /* Build configuration list for PBXProject "ContactsListApp" */ = {
			isa = XCConfigurationList;
			buildConfigurations = (
				8B10B660219D97D00036FCB9 /* Debug */,
				8B10B661219D97D00036FCB9 /* Release */,
			);
			defaultConfigurationIsVisible = 0;
			defaultConfigurationName = Release;
		};
		8B10B662219D97D00036FCB9 /* Build configuration list for PBXNativeTarget "ContactsListApp" */ = {
			isa = XCConfigurationList;
			buildConfigurations = (
				8B10B663219D97D00036FCB9 /* Debug */,
				8B10B664219D97D00036FCB9 /* Release */,
			);
			defaultConfigurationIsVisible = 0;
			defaultConfigurationName = Release;
		};
		8B10B665219D97D00036FCB9 /* Build configuration list for PBXNativeTarget "ContactsListAppTests" */ = {
			isa = XCConfigurationList;
			buildConfigurations = (
				8B10B666219D97D00036FCB9 /* Debug */,
				8B10B667219D97D00036FCB9 /* Release */,
			);
			defaultConfigurationIsVisible = 0;
			defaultConfigurationName = Release;
		};
/* End XCConfigurationList section */

/* Begin XCVersionGroup section */
		8B10B64C219D97CC0036FCB9 /* ContactsListApp.xcdatamodeld */ = {
			isa = XCVersionGroup;
			children = (
				8B10B64D219D97CC0036FCB9 /* ContactsListApp.xcdatamodel */,
			);
			currentVersion = 8B10B64D219D97CC0036FCB9 /* ContactsListApp.xcdatamodel */;
			path = ContactsListApp.xcdatamodeld;
			sourceTree = "<group>";
			versionGroupType = wrapper.xcdatamodel;
		};
/* End XCVersionGroup section */
	};
	rootObject = 8B10B63A219D97CC0036FCB9 /* Project object */;
}
