PODS:
  - Alamofire (5.0.0-beta.6)
  - Eureka (5.0.0)
  - NVActivityIndicatorView (4.7.0):
    - NVActivityIndicatorView/Presenter (= 4.7.0)
  - NVActivityIndicatorView/Presenter (4.7.0)

DEPENDENCIES:
  - Alamofire (~> 5.0.0.beta.3)
  - Eureka
  - NVActivityIndicatorView

SPEC REPOS:
  https://github.com/cocoapods/specs.git:
    - Alamofire
    - Eureka
    - NVActivityIndicatorView

SPEC CHECKSUMS:
  Alamofire: cd08a4402bd12cacd0c66f23fb12fec8d6b965e4
  Eureka: 0f64f477ec8ef6201c6fec143d60ff5c201cf654
  NVActivityIndicatorView: b19ddab2576f805cbe0fb2306cba3476e09a1dea

PODFILE CHECKSUM: 6f8c2cc2af37e1ea052c15ce38a57950b36ddd9d

COCOAPODS: 1.5.3
