PODS:
  - Alamofire (5.0.0-rc.3)
  - Eureka (5.1.0)
  - NVActivityIndicatorView (4.8.0):
    - NVActivityIndicatorView/Presenter (= 4.8.0)
  - NVActivityIndicatorView/Presenter (4.8.0)

DEPENDENCIES:
  - Alamofire (~> 5.0.0.beta.3)
  - Eureka
  - NVActivityIndicatorView

SPEC REPOS:
  trunk:
    - Alamofire
    - Eureka
    - NVActivityIndicatorView

SPEC CHECKSUMS:
  Alamofire: ca8c0de6906873be89d6deec5c8de279e00bf872
  Eureka: 18a5076dcf0c41f9cd9748aa1c42f4d11434bdae
  NVActivityIndicatorView: d24b7ebcf80af5dcd994adb650e2b6c93379270f

PODFILE CHECKSUM: 6f8c2cc2af37e1ea052c15ce38a57950b36ddd9d

COCOAPODS: 1.8.4
